{
  "nodes": {
    "flake-utils": {
      "inputs": {
        "systems": "systems"
      },
      "locked": {
        "lastModified": 1731533236,
        "narHash": "sha256-l0KFg5HjrsfsO/JpG+r7fRrqm12kzFHyUHqHCVpMMbI=",
        "owner": "numtide",
        "repo": "flake-utils",
        "rev": "11707dc2f618dd54ca8739b309ec4fc024de578b",
        "type": "github"
      },
      "original": {
        "owner": "numtide",
        "repo": "flake-utils",
        "type": "github"
      }
    },
    "nixpkgs": {
      "locked": {
        "lastModified": 1755938397,
        "narHash": "sha256-ABIRuHdg7mkk+FDEAY2izkm0fVJenzOAP3KH5XeXxwY=",
        "rev": "622810a18e0e8f97f09043f37a388397fa7461f2",
        "type": "tarball",
        "url": "https://git.tatikoma.dev/api/v1/repos/corpix/nixpkgs/archive/622810a18e0e8f97f09043f37a388397fa7461f2.tar.gz"
      },
      "original": {
        "type": "tarball",
        "url": "https://git.tatikoma.dev/corpix/nixpkgs/archive/v2025-08-23.848070.tar.gz"
      }
    },
    "root": {
      "inputs": {
        "flake-utils": "flake-utils",
        "nixpkgs": "nixpkgs"
      }
    },
    "systems": {
      "locked": {
        "lastModified": 1681028828,
        "narHash": "sha256-Vy1rq5AaRuLzOxct8nz4T6wlgyUR7zLU309k9mBC768=",
        "owner": "nix-systems",
        "repo": "default",
        "rev": "da67096a3b9bf56a91d16901293e51ba5b49a27e",
        "type": "github"
      },
      "original": {
        "owner": "nix-systems",
        "repo": "default",
        "type": "github"
      }
    }
  },
  "root": "root",
  "version": 7
}
